{
  "requires": true,
  "lockfileVersion": 1,
  "dependencies": {
    "purty": {
      "version": "4.5.2",
      "resolved": "https://registry.npmjs.org/purty/-/purty-4.5.2.tgz",
      "integrity": "sha512-Ai0sONNVfGxsd+BfPZlp+uJvcdH/qbSytpBXDbMi6zryw/GXI1cSCI2AsTPsbiU9X+f2bilcL03D1uOg+EAFKw==",
      "dev": true
    }
  }
}
